
Microsoft Visual Studio Solution File, Format Version 12.00
# Visual Studio Version 17
VisualStudioVersion = 17.4.33403.182
MinimumVisualStudioVersion = 10.0.40219.1
Project("{FAE04EC0-301F-11D3-BF4B-00C04F79EFBC}") = "Dog", "Dog\Dog.csproj", "{51DF9B46-B8CB-4C25-B855-8D67B2FAE147}"
EndProject
Global
	GlobalSection(SolutionConfigurationPlatforms) = preSolution
		Debug|Any CPU = Debug|Any CPU
		Release|Any CPU = Release|Any CPU
	EndGlobalSection
	GlobalSection(ProjectConfigurationPlatforms) = postSolution
		{51DF9B46-B8CB-4C25-B855-8D67B2FAE147}.Debug|Any CPU.ActiveCfg = Debug|Any CPU
		{51DF9B46-B8CB-4C25-B855-8D67B2FAE147}.Debug|Any CPU.Build.0 = Debug|Any CPU
		{51DF9B46-B8CB-4C25-B855-8D67B2FAE147}.Release|Any CPU.ActiveCfg = Release|Any CPU
		{51DF9B46-B8CB-4C25-B855-8D67B2FAE147}.Release|Any CPU.Build.0 = Release|Any CPU
	EndGlobalSection
	GlobalSection(SolutionProperties) = preSolution
		HideSolutionNode = FALSE
	EndGlobalSection
	GlobalSection(ExtensibilityGlobals) = postSolution
		SolutionGuid = {3DCBAD20-8695-4CC8-A5F2-A55814885B28}
	EndGlobalSection
EndGlobal
